{
  "version": 4,
  "terraform_version": "1.2.8",
  "serial": 21,
  "lineage": "512a2bdd-9235-0d84-4500-3db79a1ef2c0",
  "outputs": {
    "index1": {
      "value": "alala",
      "type": "string"
    }
  },
  "resources": [
    {
      "mode": "managed",
      "type": "aws_security_group",
      "name": "SG_skiff",
      "provider": "provider[\"registry.terraform.io/hashicorp/aws\"]",
      "instances": [
        {
          "schema_version": 1,
          "attributes": {
            "arn": "arn:aws:ec2:us-east-1:165412380958:security-group/sg-07271786f95b184bb",
            "description": "delete this group for test",
            "egress": [
              {
                "cidr_blocks": [
                  "0.0.0.0/0"
                ],
                "description": "",
                "from_port": 0,
                "ipv6_cidr_blocks": [],
                "prefix_list_ids": [],
                "protocol": "-1",
                "security_groups": [],
                "self": false,
                "to_port": 0
              }
            ],
            "id": "sg-07271786f95b184bb",
            "ingress": [
              {
                "cidr_blocks": [
                  "10.188.0.0/16"
                ],
                "description": "",
                "from_port": 0,
                "ipv6_cidr_blocks": [],
                "prefix_list_ids": [],
                "protocol": "-1",
                "security_groups": [],
                "self": false,
                "to_port": 0
              }
            ],
            "name": "test-group-skiff-delete",
            "name_prefix": "",
            "owner_id": "165412380958",
            "revoke_rules_on_delete": false,
            "tags": {
              "Name": "delete this group for test"
            },
            "tags_all": {
              "Creator": "yaroslav.gankov",
              "Learning": "Terraform",
              "Name": "delete this group for test",
              "Owner": "yaroslav.gankov"
            },
            "timeouts": null,
            "vpc_id": "vpc-0465e4ae2df3296b3"
          },
          "sensitive_attributes": [],
          "private": "eyJlMmJmYjczMC1lY2FhLTExZTYtOGY4OC0zNDM2M2JjN2M0YzAiOnsiY3JlYXRlIjo2MDAwMDAwMDAwMDAsImRlbGV0ZSI6OTAwMDAwMDAwMDAwfSwic2NoZW1hX3ZlcnNpb24iOiIxIn0="
        }
      ]
    }
  ]
}
