{
  "version": 4,
  "terraform_version": "1.2.8",
  "serial": 34,
  "lineage": "972c500c-78c4-a352-47d9-077b959d24db",
  "outputs": {
    "public_subnet_ids": {
      "value": [
        "subnet-08c387c342530e2f9",
        "subnet-0cc003ed83ee6e654",
        "subnet-0e0c2a4128fa6e6b0",
        "subnet-0f3821e494d564194"
      ],
      "type": [
        "tuple",
        [
          "string",
          "string",
          "string",
          "string"
        ]
      ]
    },
    "vpc_cidr": {
      "value": "10.173.0.0/16",
      "type": "string"
    },
    "vpc_id": {
      "value": "vpc-00f7088f8c5df87e6",
      "type": "string"
    }
  },
  "resources": [
    {
      "mode": "data",
      "type": "aws_availability_zones",
      "name": "available_zones",
      "provider": "provider[\"registry.terraform.io/hashicorp/aws\"]",
      "instances": [
        {
          "schema_version": 0,
          "attributes": {
            "all_availability_zones": null,
            "exclude_names": null,
            "exclude_zone_ids": null,
            "filter": null,
            "group_names": [
              "us-east-1"
            ],
            "id": "us-east-1",
            "names": [
              "us-east-1a",
              "us-east-1b",
              "us-east-1c",
              "us-east-1d",
              "us-east-1e",
              "us-east-1f"
            ],
            "state": "available",
            "timeouts": null,
            "zone_ids": [
              "use1-az6",
              "use1-az1",
              "use1-az2",
              "use1-az4",
              "use1-az3",
              "use1-az5"
            ]
          },
          "sensitive_attributes": []
        }
      ]
    },
    {
      "mode": "managed",
      "type": "aws_internet_gateway",
      "name": "main_gateway",
      "provider": "provider[\"registry.terraform.io/hashicorp/aws\"]",
      "instances": [
        {
          "schema_version": 0,
          "attributes": {
            "arn": "arn:aws:ec2:us-east-1:165412380958:internet-gateway/igw-0b73cbd3cffd7e58d",
            "id": "igw-0b73cbd3cffd7e58d",
            "owner_id": "165412380958",
            "tags": {
              "Name": "10.173.x.x-skiff-dev"
            },
            "tags_all": {
              "Creator": "yaroslav.gankov",
              "Learning": "Terraform",
              "Name": "10.173.x.x-skiff-dev",
              "Owner": "yaroslav.gankov"
            },
            "timeouts": null,
            "vpc_id": "vpc-00f7088f8c5df87e6"
          },
          "sensitive_attributes": [],
          "private": "eyJlMmJmYjczMC1lY2FhLTExZTYtOGY4OC0zNDM2M2JjN2M0YzAiOnsiY3JlYXRlIjoxMjAwMDAwMDAwMDAwLCJkZWxldGUiOjEyMDAwMDAwMDAwMDAsInVwZGF0ZSI6MTIwMDAwMDAwMDAwMH19",
          "dependencies": [
            "aws_vpc.skiff_vpc"
          ]
        }
      ]
    },
    {
      "mode": "managed",
      "type": "aws_route_table",
      "name": "public_subnets",
      "provider": "provider[\"registry.terraform.io/hashicorp/aws\"]",
      "instances": [
        {
          "schema_version": 0,
          "attributes": {
            "arn": "arn:aws:ec2:us-east-1:165412380958:route-table/rtb-0ca76764b4f198065",
            "id": "rtb-0ca76764b4f198065",
            "owner_id": "165412380958",
            "propagating_vgws": [],
            "route": [
              {
                "carrier_gateway_id": "",
                "cidr_block": "0.0.0.0/0",
                "core_network_arn": "",
                "destination_prefix_list_id": "",
                "egress_only_gateway_id": "",
                "gateway_id": "igw-0b73cbd3cffd7e58d",
                "instance_id": "",
                "ipv6_cidr_block": "",
                "local_gateway_id": "",
                "nat_gateway_id": "",
                "network_interface_id": "",
                "transit_gateway_id": "",
                "vpc_endpoint_id": "",
                "vpc_peering_connection_id": ""
              }
            ],
            "tags": {
              "Name": "10.173.x.x-skiff-dev"
            },
            "tags_all": {
              "Creator": "yaroslav.gankov",
              "Learning": "Terraform",
              "Name": "10.173.x.x-skiff-dev",
              "Owner": "yaroslav.gankov"
            },
            "timeouts": null,
            "vpc_id": "vpc-00f7088f8c5df87e6"
          },
          "sensitive_attributes": [],
          "private": "eyJlMmJmYjczMC1lY2FhLTExZTYtOGY4OC0zNDM2M2JjN2M0YzAiOnsiY3JlYXRlIjozMDAwMDAwMDAwMDAsImRlbGV0ZSI6MzAwMDAwMDAwMDAwLCJ1cGRhdGUiOjEyMDAwMDAwMDAwMH19",
          "dependencies": [
            "aws_internet_gateway.main_gateway",
            "aws_vpc.skiff_vpc"
          ]
        }
      ]
    },
    {
      "mode": "managed",
      "type": "aws_route_table_association",
      "name": "public_routes_skiff",
      "provider": "provider[\"registry.terraform.io/hashicorp/aws\"]",
      "instances": [
        {
          "index_key": 0,
          "schema_version": 0,
          "attributes": {
            "gateway_id": "",
            "id": "rtbassoc-0f7071ede915da1dc",
            "route_table_id": "rtb-0ca76764b4f198065",
            "subnet_id": "subnet-08c387c342530e2f9"
          },
          "sensitive_attributes": [],
          "private": "bnVsbA==",
          "dependencies": [
            "aws_internet_gateway.main_gateway",
            "aws_route_table.public_subnets",
            "aws_subnet.public_subnets",
            "aws_vpc.skiff_vpc",
            "data.aws_availability_zones.available_zones"
          ]
        },
        {
          "index_key": 1,
          "schema_version": 0,
          "attributes": {
            "gateway_id": "",
            "id": "rtbassoc-02e6f783f9b7366ca",
            "route_table_id": "rtb-0ca76764b4f198065",
            "subnet_id": "subnet-0cc003ed83ee6e654"
          },
          "sensitive_attributes": [],
          "private": "bnVsbA==",
          "dependencies": [
            "aws_internet_gateway.main_gateway",
            "aws_route_table.public_subnets",
            "aws_subnet.public_subnets",
            "aws_vpc.skiff_vpc",
            "data.aws_availability_zones.available_zones"
          ]
        },
        {
          "index_key": 2,
          "schema_version": 0,
          "attributes": {
            "gateway_id": "",
            "id": "rtbassoc-009adcd61fd4fedd1",
            "route_table_id": "rtb-0ca76764b4f198065",
            "subnet_id": "subnet-0e0c2a4128fa6e6b0"
          },
          "sensitive_attributes": [],
          "private": "bnVsbA==",
          "dependencies": [
            "aws_internet_gateway.main_gateway",
            "aws_route_table.public_subnets",
            "aws_subnet.public_subnets",
            "aws_vpc.skiff_vpc",
            "data.aws_availability_zones.available_zones"
          ]
        },
        {
          "index_key": 3,
          "schema_version": 0,
          "attributes": {
            "gateway_id": "",
            "id": "rtbassoc-0d9fe211e4975c6e5",
            "route_table_id": "rtb-0ca76764b4f198065",
            "subnet_id": "subnet-0f3821e494d564194"
          },
          "sensitive_attributes": [],
          "private": "bnVsbA==",
          "dependencies": [
            "aws_internet_gateway.main_gateway",
            "aws_route_table.public_subnets",
            "aws_subnet.public_subnets",
            "aws_vpc.skiff_vpc",
            "data.aws_availability_zones.available_zones"
          ]
        }
      ]
    },
    {
      "mode": "managed",
      "type": "aws_subnet",
      "name": "public_subnets",
      "provider": "provider[\"registry.terraform.io/hashicorp/aws\"]",
      "instances": [
        {
          "index_key": 0,
          "schema_version": 1,
          "attributes": {
            "arn": "arn:aws:ec2:us-east-1:165412380958:subnet/subnet-08c387c342530e2f9",
            "assign_ipv6_address_on_creation": false,
            "availability_zone": "us-east-1a",
            "availability_zone_id": "use1-az6",
            "cidr_block": "10.173.1.0/24",
            "customer_owned_ipv4_pool": "",
            "enable_dns64": false,
            "enable_resource_name_dns_a_record_on_launch": false,
            "enable_resource_name_dns_aaaa_record_on_launch": false,
            "id": "subnet-08c387c342530e2f9",
            "ipv6_cidr_block": "",
            "ipv6_cidr_block_association_id": "",
            "ipv6_native": false,
            "map_customer_owned_ip_on_launch": false,
            "map_public_ip_on_launch": true,
            "outpost_arn": "",
            "owner_id": "165412380958",
            "private_dns_hostname_type_on_launch": "ip-name",
            "tags": {
              "Name": "10.173.1.x-skiff-dev"
            },
            "tags_all": {
              "Creator": "yaroslav.gankov",
              "Learning": "Terraform",
              "Name": "10.173.1.x-skiff-dev",
              "Owner": "yaroslav.gankov"
            },
            "timeouts": null,
            "vpc_id": "vpc-00f7088f8c5df87e6"
          },
          "sensitive_attributes": [],
          "private": "eyJlMmJmYjczMC1lY2FhLTExZTYtOGY4OC0zNDM2M2JjN2M0YzAiOnsiY3JlYXRlIjo2MDAwMDAwMDAwMDAsImRlbGV0ZSI6MTIwMDAwMDAwMDAwMH0sInNjaGVtYV92ZXJzaW9uIjoiMSJ9",
          "dependencies": [
            "aws_vpc.skiff_vpc",
            "data.aws_availability_zones.available_zones"
          ]
        },
        {
          "index_key": 1,
          "schema_version": 1,
          "attributes": {
            "arn": "arn:aws:ec2:us-east-1:165412380958:subnet/subnet-0cc003ed83ee6e654",
            "assign_ipv6_address_on_creation": false,
            "availability_zone": "us-east-1b",
            "availability_zone_id": "use1-az1",
            "cidr_block": "10.173.2.0/24",
            "customer_owned_ipv4_pool": "",
            "enable_dns64": false,
            "enable_resource_name_dns_a_record_on_launch": false,
            "enable_resource_name_dns_aaaa_record_on_launch": false,
            "id": "subnet-0cc003ed83ee6e654",
            "ipv6_cidr_block": "",
            "ipv6_cidr_block_association_id": "",
            "ipv6_native": false,
            "map_customer_owned_ip_on_launch": false,
            "map_public_ip_on_launch": true,
            "outpost_arn": "",
            "owner_id": "165412380958",
            "private_dns_hostname_type_on_launch": "ip-name",
            "tags": {
              "Name": "10.173.2.x-skiff-dev"
            },
            "tags_all": {
              "Creator": "yaroslav.gankov",
              "Learning": "Terraform",
              "Name": "10.173.2.x-skiff-dev",
              "Owner": "yaroslav.gankov"
            },
            "timeouts": null,
            "vpc_id": "vpc-00f7088f8c5df87e6"
          },
          "sensitive_attributes": [],
          "private": "eyJlMmJmYjczMC1lY2FhLTExZTYtOGY4OC0zNDM2M2JjN2M0YzAiOnsiY3JlYXRlIjo2MDAwMDAwMDAwMDAsImRlbGV0ZSI6MTIwMDAwMDAwMDAwMH0sInNjaGVtYV92ZXJzaW9uIjoiMSJ9",
          "dependencies": [
            "aws_vpc.skiff_vpc",
            "data.aws_availability_zones.available_zones"
          ]
        },
        {
          "index_key": 2,
          "schema_version": 1,
          "attributes": {
            "arn": "arn:aws:ec2:us-east-1:165412380958:subnet/subnet-0e0c2a4128fa6e6b0",
            "assign_ipv6_address_on_creation": false,
            "availability_zone": "us-east-1c",
            "availability_zone_id": "use1-az2",
            "cidr_block": "10.173.3.0/24",
            "customer_owned_ipv4_pool": "",
            "enable_dns64": false,
            "enable_resource_name_dns_a_record_on_launch": false,
            "enable_resource_name_dns_aaaa_record_on_launch": false,
            "id": "subnet-0e0c2a4128fa6e6b0",
            "ipv6_cidr_block": "",
            "ipv6_cidr_block_association_id": "",
            "ipv6_native": false,
            "map_customer_owned_ip_on_launch": false,
            "map_public_ip_on_launch": true,
            "outpost_arn": "",
            "owner_id": "165412380958",
            "private_dns_hostname_type_on_launch": "ip-name",
            "tags": {
              "Name": "10.173.3.x-skiff-dev"
            },
            "tags_all": {
              "Creator": "yaroslav.gankov",
              "Learning": "Terraform",
              "Name": "10.173.3.x-skiff-dev",
              "Owner": "yaroslav.gankov"
            },
            "timeouts": null,
            "vpc_id": "vpc-00f7088f8c5df87e6"
          },
          "sensitive_attributes": [],
          "private": "eyJlMmJmYjczMC1lY2FhLTExZTYtOGY4OC0zNDM2M2JjN2M0YzAiOnsiY3JlYXRlIjo2MDAwMDAwMDAwMDAsImRlbGV0ZSI6MTIwMDAwMDAwMDAwMH0sInNjaGVtYV92ZXJzaW9uIjoiMSJ9",
          "dependencies": [
            "aws_vpc.skiff_vpc",
            "data.aws_availability_zones.available_zones"
          ]
        },
        {
          "index_key": 3,
          "schema_version": 1,
          "attributes": {
            "arn": "arn:aws:ec2:us-east-1:165412380958:subnet/subnet-0f3821e494d564194",
            "assign_ipv6_address_on_creation": false,
            "availability_zone": "us-east-1d",
            "availability_zone_id": "use1-az4",
            "cidr_block": "10.173.4.0/24",
            "customer_owned_ipv4_pool": "",
            "enable_dns64": false,
            "enable_resource_name_dns_a_record_on_launch": false,
            "enable_resource_name_dns_aaaa_record_on_launch": false,
            "id": "subnet-0f3821e494d564194",
            "ipv6_cidr_block": "",
            "ipv6_cidr_block_association_id": "",
            "ipv6_native": false,
            "map_customer_owned_ip_on_launch": false,
            "map_public_ip_on_launch": true,
            "outpost_arn": "",
            "owner_id": "165412380958",
            "private_dns_hostname_type_on_launch": "ip-name",
            "tags": {
              "Name": "10.173.4.x-skiff-dev"
            },
            "tags_all": {
              "Creator": "yaroslav.gankov",
              "Learning": "Terraform",
              "Name": "10.173.4.x-skiff-dev",
              "Owner": "yaroslav.gankov"
            },
            "timeouts": null,
            "vpc_id": "vpc-00f7088f8c5df87e6"
          },
          "sensitive_attributes": [],
          "private": "eyJlMmJmYjczMC1lY2FhLTExZTYtOGY4OC0zNDM2M2JjN2M0YzAiOnsiY3JlYXRlIjo2MDAwMDAwMDAwMDAsImRlbGV0ZSI6MTIwMDAwMDAwMDAwMH0sInNjaGVtYV92ZXJzaW9uIjoiMSJ9",
          "dependencies": [
            "aws_vpc.skiff_vpc",
            "data.aws_availability_zones.available_zones"
          ]
        }
      ]
    },
    {
      "mode": "managed",
      "type": "aws_vpc",
      "name": "skiff_vpc",
      "provider": "provider[\"registry.terraform.io/hashicorp/aws\"]",
      "instances": [
        {
          "schema_version": 1,
          "attributes": {
            "arn": "arn:aws:ec2:us-east-1:165412380958:vpc/vpc-00f7088f8c5df87e6",
            "assign_generated_ipv6_cidr_block": false,
            "cidr_block": "10.173.0.0/16",
            "default_network_acl_id": "acl-01ccb0ba881e17795",
            "default_route_table_id": "rtb-01163529f6b342f71",
            "default_security_group_id": "sg-06f6dfd6f6e7d0190",
            "dhcp_options_id": "dopt-056ef27f",
            "enable_classiclink": false,
            "enable_classiclink_dns_support": false,
            "enable_dns_hostnames": false,
            "enable_dns_support": true,
            "id": "vpc-00f7088f8c5df87e6",
            "instance_tenancy": "default",
            "ipv4_ipam_pool_id": null,
            "ipv4_netmask_length": null,
            "ipv6_association_id": "",
            "ipv6_cidr_block": "",
            "ipv6_cidr_block_network_border_group": "",
            "ipv6_ipam_pool_id": "",
            "ipv6_netmask_length": 0,
            "main_route_table_id": "rtb-01163529f6b342f71",
            "owner_id": "165412380958",
            "tags": {
              "Name": "10.173.x.x-skiff-dev"
            },
            "tags_all": {
              "Creator": "yaroslav.gankov",
              "Learning": "Terraform",
              "Name": "10.173.x.x-skiff-dev",
              "Owner": "yaroslav.gankov"
            }
          },
          "sensitive_attributes": [],
          "private": "eyJzY2hlbWFfdmVyc2lvbiI6IjEifQ=="
        }
      ]
    }
  ]
}
